
Microsoft Visual Studio Solution File, Format Version 12.00
# Visual Studio 15
VisualStudioVersion = 15.0.28010.2036
MinimumVisualStudioVersion = 10.0.40219.1
Project("{FAE04EC0-301F-11D3-BF4B-00C04F79EFBC}") = "CFiles", "CFiles\CFiles.csproj", "{79702332-4097-4559-A9DC-EA2E785718EE}"
EndProject
Global
	GlobalSection(SolutionConfigurationPlatforms) = preSolution
		Debug|Any CPU = Debug|Any CPU
		Release|Any CPU = Release|Any CPU
	EndGlobalSection
	GlobalSection(ProjectConfigurationPlatforms) = postSolution
		{79702332-4097-4559-A9DC-EA2E785718EE}.Debug|Any CPU.ActiveCfg = Debug|Any CPU
		{79702332-4097-4559-A9DC-EA2E785718EE}.Debug|Any CPU.Build.0 = Debug|Any CPU
		{79702332-4097-4559-A9DC-EA2E785718EE}.Release|Any CPU.ActiveCfg = Release|Any CPU
		{79702332-4097-4559-A9DC-EA2E785718EE}.Release|Any CPU.Build.0 = Release|Any CPU
	EndGlobalSection
	GlobalSection(SolutionProperties) = preSolution
		HideSolutionNode = FALSE
	EndGlobalSection
	GlobalSection(ExtensibilityGlobals) = postSolution
		SolutionGuid = {C0327FD8-11C5-4201-9813-D1B362B6FAED}
	EndGlobalSection
EndGlobal
